
Microsoft Visual Studio Solution File, Format Version 12.00
# Visual Studio Version 17
VisualStudioVersion = 17.9.34728.123
MinimumVisualStudioVersion = 10.0.40219.1
Project("{FAE04EC0-301F-11D3-BF4B-00C04F79EFBC}") = "EcommerceBookApp", "EcommerceBookApp\EcommerceBookApp.csproj", "{D246629A-05B9-455D-ABF4-1A8D62D79FB7}"
EndProject
Global
	GlobalSection(SolutionConfigurationPlatforms) = preSolution
		Debug|Any CPU = Debug|Any CPU
		Release|Any CPU = Release|Any CPU
	EndGlobalSection
	GlobalSection(ProjectConfigurationPlatforms) = postSolution
		{D246629A-05B9-455D-ABF4-1A8D62D79FB7}.Debug|Any CPU.ActiveCfg = Debug|Any CPU
		{D246629A-05B9-455D-ABF4-1A8D62D79FB7}.Debug|Any CPU.Build.0 = Debug|Any CPU
		{D246629A-05B9-455D-ABF4-1A8D62D79FB7}.Release|Any CPU.ActiveCfg = Release|Any CPU
		{D246629A-05B9-455D-ABF4-1A8D62D79FB7}.Release|Any CPU.Build.0 = Release|Any CPU
	EndGlobalSection
	GlobalSection(SolutionProperties) = preSolution
		HideSolutionNode = FALSE
	EndGlobalSection
	GlobalSection(ExtensibilityGlobals) = postSolution
		SolutionGuid = {1EA4C0D7-1C0A-4454-927D-B9FB66A46335}
	EndGlobalSection
EndGlobal
